Microsoft Visual Studio Solution File, Format Version 12.00
# Visual Studio Version 17
VisualStudioVersion = 17.5.2.0
MinimumVisualStudioVersion = 10.0.40219.1
Project("{FAE04EC0-301F-11D3-BF4B-00C04F79EFBC}") = "FutureStepsAcademy.API", "FutureStepsAcademy.API.csproj", "{0313F8C7-7431-225C-9664-C0D3BD8CEFB9}"
EndProject
Global
	GlobalSection(SolutionConfigurationPlatforms) = preSolution
		Debug|Any CPU = Debug|Any CPU
		Release|Any CPU = Release|Any CPU
	EndGlobalSection
	GlobalSection(ProjectConfigurationPlatforms) = postSolution
		{0313F8C7-7431-225C-9664-C0D3BD8CEFB9}.Debug|Any CPU.ActiveCfg = Debug|Any CPU
		{0313F8C7-7431-225C-9664-C0D3BD8CEFB9}.Debug|Any CPU.Build.0 = Debug|Any CPU
		{0313F8C7-7431-225C-9664-C0D3BD8CEFB9}.Release|Any CPU.ActiveCfg = Release|Any CPU
		{0313F8C7-7431-225C-9664-C0D3BD8CEFB9}.Release|Any CPU.Build.0 = Release|Any CPU
	EndGlobalSection
	GlobalSection(SolutionProperties) = preSolution
		HideSolutionNode = FALSE
	EndGlobalSection
	GlobalSection(ExtensibilityGlobals) = postSolution
		SolutionGuid = {C36DC328-8DBC-43F0-AB03-2E03ADD4DB43}
	EndGlobalSection
EndGlobal
